{
  "name": "QRapp",
  "lockfileVersion": 2,
  "requires": true,
  "packages": {
    "": {
      "dependencies": {
        "qrious": "^4.0.2",
        "vcard-js": "^1.2.2"
      }
    },
    "node_modules/qrious": {
      "version": "4.0.2",
      "resolved": "https://registry.npmjs.org/qrious/-/qrious-4.0.2.tgz",
      "integrity": "sha512-xWPJIrK1zu5Ypn898fBp8RHkT/9ibquV2Kv24S/JY9VYEhMBMKur1gHVsOiNUh7PHP9uCgejjpZUHUIXXKoU/g=="
    },
    "node_modules/quoted-printable": {
      "version": "1.0.1",
      "resolved": "https://registry.npmjs.org/quoted-printable/-/quoted-printable-1.0.1.tgz",
      "integrity": "sha512-cihC68OcGiQOjGiXuo5Jk6XHANTHl1K4JLk/xlEJRTIXfy19Sg6XzB95XonYgr+1rB88bCpr7WZE7D7AlZow4g==",
      "dependencies": {
        "utf8": "^2.1.0"
      },
      "bin": {
        "quoted-printable": "bin/quoted-printable"
      }
    },
    "node_modules/utf8": {
      "version": "2.1.2",
      "resolved": "https://registry.npmjs.org/utf8/-/utf8-2.1.2.tgz",
      "integrity": "sha512-QXo+O/QkLP/x1nyi54uQiG0XrODxdysuQvE5dtVqv7F5K2Qb6FsN+qbr6KhF5wQ20tfcV3VQp0/2x1e1MRSPWg=="
    },
    "node_modules/vcard-js": {
      "version": "1.2.2",
      "resolved": "https://registry.npmjs.org/vcard-js/-/vcard-js-1.2.2.tgz",
      "integrity": "sha512-YShz0/tIXJ3gOg2o/OCNzuPCb7KTnhjn81cUaTZg5+elb99yVr+MRMkbD+vljTny6YuocPI0Dtb1ttG2Yf8oMg==",
      "dependencies": {
        "quoted-printable": "^1.0.0",
        "utf8": "^2.1.1"
      }
    }
  },
  "dependencies": {
    "qrious": {
      "version": "4.0.2",
      "resolved": "https://registry.npmjs.org/qrious/-/qrious-4.0.2.tgz",
      "integrity": "sha512-xWPJIrK1zu5Ypn898fBp8RHkT/9ibquV2Kv24S/JY9VYEhMBMKur1gHVsOiNUh7PHP9uCgejjpZUHUIXXKoU/g=="
    },
    "quoted-printable": {
      "version": "1.0.1",
      "resolved": "https://registry.npmjs.org/quoted-printable/-/quoted-printable-1.0.1.tgz",
      "integrity": "sha512-cihC68OcGiQOjGiXuo5Jk6XHANTHl1K4JLk/xlEJRTIXfy19Sg6XzB95XonYgr+1rB88bCpr7WZE7D7AlZow4g==",
      "requires": {
        "utf8": "^2.1.0"
      }
    },
    "utf8": {
      "version": "2.1.2",
      "resolved": "https://registry.npmjs.org/utf8/-/utf8-2.1.2.tgz",
      "integrity": "sha512-QXo+O/QkLP/x1nyi54uQiG0XrODxdysuQvE5dtVqv7F5K2Qb6FsN+qbr6KhF5wQ20tfcV3VQp0/2x1e1MRSPWg=="
    },
    "vcard-js": {
      "version": "1.2.2",
      "resolved": "https://registry.npmjs.org/vcard-js/-/vcard-js-1.2.2.tgz",
      "integrity": "sha512-YShz0/tIXJ3gOg2o/OCNzuPCb7KTnhjn81cUaTZg5+elb99yVr+MRMkbD+vljTny6YuocPI0Dtb1ttG2Yf8oMg==",
      "requires": {
        "quoted-printable": "^1.0.0",
        "utf8": "^2.1.1"
      }
    }
  }
}
